# This file was autogenerated by Stack.
# You should not edit this file by hand.
# For more information, please see the documentation at:
#   https://docs.haskellstack.org/en/stable/lock_files

packages:
- completed:
    hackage: hls-fourmolu-plugin-2.4.0.0@sha256:0a3e03d8e0d08cc48189c1a0e2b6801eff2ba2cd501fe45263eba6929758cecd,2222
    pantry-tree:
      sha256: 9c52f02d99f783df12092d5c1df577b4ad475ad05dd3f19f68f3ba04fd0b4e3f
      size: 518
  original:
    hackage: hls-fourmolu-plugin-2.4.0.0
snapshots:
- completed:
    sha256: 2fdd7d3e54540062ef75ca0a73ca3a804c527dbf8a4cadafabf340e66ac4af40
    size: 712469
    url: https://raw.githubusercontent.com/commercialhaskell/stackage-snapshots/master/lts/22/11.yaml
  original:
    url: https://raw.githubusercontent.com/commercialhaskell/stackage-snapshots/master/lts/22/11.yaml
